
Microsoft Visual Studio Solution File, Format Version 12.00
# Visual Studio Version 16
VisualStudioVersion = 16.0.31624.102
MinimumVisualStudioVersion = 10.0.40219.1
Project("{FAE04EC0-301F-11D3-BF4B-00C04F79EFBC}") = "GeneralStoreAPI", "GeneralStoreAPI\GeneralStoreAPI.csproj", "{CE4B88F7-DF5F-46FE-AE19-C461D33B045C}"
EndProject
Global
	GlobalSection(SolutionConfigurationPlatforms) = preSolution
		Debug|Any CPU = Debug|Any CPU
		Release|Any CPU = Release|Any CPU
	EndGlobalSection
	GlobalSection(ProjectConfigurationPlatforms) = postSolution
		{CE4B88F7-DF5F-46FE-AE19-C461D33B045C}.Debug|Any CPU.ActiveCfg = Debug|Any CPU
		{CE4B88F7-DF5F-46FE-AE19-C461D33B045C}.Debug|Any CPU.Build.0 = Debug|Any CPU
		{CE4B88F7-DF5F-46FE-AE19-C461D33B045C}.Release|Any CPU.ActiveCfg = Release|Any CPU
		{CE4B88F7-DF5F-46FE-AE19-C461D33B045C}.Release|Any CPU.Build.0 = Release|Any CPU
	EndGlobalSection
	GlobalSection(SolutionProperties) = preSolution
		HideSolutionNode = FALSE
	EndGlobalSection
	GlobalSection(ExtensibilityGlobals) = postSolution
		SolutionGuid = {EC3DC113-EB93-47A3-9EE3-1AE5CAB65629}
	EndGlobalSection
EndGlobal
